
Microsoft Visual Studio Solution File, Format Version 12.00
# Visual Studio Version 17
VisualStudioVersion = 17.9.34902.65
MinimumVisualStudioVersion = 10.0.40219.1
Project("{9A19103F-16F7-4668-BE54-9A1E7A4F7556}") = "Hello", "Hello\Hello.csproj", "{2C8A8CED-62AD-4CCE-B393-000873F5DF15}"
EndProject
Project("{9A19103F-16F7-4668-BE54-9A1E7A4F7556}") = "Operator", "Operator\Operator.csproj", "{1B054613-D88D-4D75-BD49-B81FFB3C6A1A}"
EndProject
Project("{9A19103F-16F7-4668-BE54-9A1E7A4F7556}") = "FlowControl", "FlowControl\FlowControl.csproj", "{0994C51D-44C7-498D-8D07-DE66FC6B44AE}"
EndProject
Project("{9A19103F-16F7-4668-BE54-9A1E7A4F7556}") = "Method", "Method\Method.csproj", "{1EC1F43F-10C6-4008-9BF9-CB4FDB479C8D}"
EndProject
Project("{9A19103F-16F7-4668-BE54-9A1E7A4F7556}") = "Ch07", "Ch07\Ch07.csproj", "{E12388A3-3827-4649-8546-56D1D09C5E8D}"
EndProject
Project("{9A19103F-16F7-4668-BE54-9A1E7A4F7556}") = "07장", "07장\07장.csproj", "{DF6E9F39-B550-4EE2-99B2-3ADFCD38633B}"
EndProject
Project("{9A19103F-16F7-4668-BE54-9A1E7A4F7556}") = "06장", "06장\06장.csproj", "{BD6A89D3-8174-4A56-AF91-8A1B03461F6C}"
EndProject
Project("{FAE04EC0-301F-11D3-BF4B-00C04F79EFBC}") = "08장", "08장\08장.csproj", "{15704270-5BEF-4CE6-B1F7-55FE276D59B0}"
EndProject
Project("{FAE04EC0-301F-11D3-BF4B-00C04F79EFBC}") = "09장", "Property\09장.csproj", "{C17794C6-77CA-4585-9862-0FD4B6357E30}"
EndProject
Project("{FAE04EC0-301F-11D3-BF4B-00C04F79EFBC}") = "10장", "10장\10장.csproj", "{B47A18F6-B9FB-4DCD-89E9-D70B8EE366F8}"
EndProject
Project("{FAE04EC0-301F-11D3-BF4B-00C04F79EFBC}") = "11장", "11장\11장.csproj", "{FA876A91-C2B8-42E1-8917-B272D46C864D}"
EndProject
Project("{FAE04EC0-301F-11D3-BF4B-00C04F79EFBC}") = "12장", "12장\12장.csproj", "{3A4BAEE0-12B7-4AC4-866C-D97C967AA6ED}"
EndProject
Project("{FAE04EC0-301F-11D3-BF4B-00C04F79EFBC}") = "13장", "13장\13장.csproj", "{0FF30055-BAFB-4B40-B038-75E65B59DAE7}"
EndProject
Project("{FAE04EC0-301F-11D3-BF4B-00C04F79EFBC}") = "14장", "14장\14장.csproj", "{BF2C461D-F474-490C-82D4-2C2E1AB2B165}"
EndProject
Global
	GlobalSection(SolutionConfigurationPlatforms) = preSolution
		Debug|Any CPU = Debug|Any CPU
		Debug|x64 = Debug|x64
		Debug|x86 = Debug|x86
		Release|Any CPU = Release|Any CPU
		Release|x64 = Release|x64
		Release|x86 = Release|x86
	EndGlobalSection
	GlobalSection(ProjectConfigurationPlatforms) = postSolution
		{2C8A8CED-62AD-4CCE-B393-000873F5DF15}.Debug|Any CPU.ActiveCfg = Debug|Any CPU
		{2C8A8CED-62AD-4CCE-B393-000873F5DF15}.Debug|Any CPU.Build.0 = Debug|Any CPU
		{2C8A8CED-62AD-4CCE-B393-000873F5DF15}.Debug|x64.ActiveCfg = Debug|Any CPU
		{2C8A8CED-62AD-4CCE-B393-000873F5DF15}.Debug|x64.Build.0 = Debug|Any CPU
		{2C8A8CED-62AD-4CCE-B393-000873F5DF15}.Debug|x86.ActiveCfg = Debug|Any CPU
		{2C8A8CED-62AD-4CCE-B393-000873F5DF15}.Debug|x86.Build.0 = Debug|Any CPU
		{2C8A8CED-62AD-4CCE-B393-000873F5DF15}.Release|Any CPU.ActiveCfg = Release|Any CPU
		{2C8A8CED-62AD-4CCE-B393-000873F5DF15}.Release|Any CPU.Build.0 = Release|Any CPU
		{2C8A8CED-62AD-4CCE-B393-000873F5DF15}.Release|x64.ActiveCfg = Release|Any CPU
		{2C8A8CED-62AD-4CCE-B393-000873F5DF15}.Release|x64.Build.0 = Release|Any CPU
		{2C8A8CED-62AD-4CCE-B393-000873F5DF15}.Release|x86.ActiveCfg = Release|Any CPU
		{2C8A8CED-62AD-4CCE-B393-000873F5DF15}.Release|x86.Build.0 = Release|Any CPU
		{1B054613-D88D-4D75-BD49-B81FFB3C6A1A}.Debug|Any CPU.ActiveCfg = Debug|Any CPU
		{1B054613-D88D-4D75-BD49-B81FFB3C6A1A}.Debug|Any CPU.Build.0 = Debug|Any CPU
		{1B054613-D88D-4D75-BD49-B81FFB3C6A1A}.Debug|x64.ActiveCfg = Debug|Any CPU
		{1B054613-D88D-4D75-BD49-B81FFB3C6A1A}.Debug|x64.Build.0 = Debug|Any CPU
		{1B054613-D88D-4D75-BD49-B81FFB3C6A1A}.Debug|x86.ActiveCfg = Debug|Any CPU
		{1B054613-D88D-4D75-BD49-B81FFB3C6A1A}.Debug|x86.Build.0 = Debug|Any CPU
		{1B054613-D88D-4D75-BD49-B81FFB3C6A1A}.Release|Any CPU.ActiveCfg = Release|Any CPU
		{1B054613-D88D-4D75-BD49-B81FFB3C6A1A}.Release|Any CPU.Build.0 = Release|Any CPU
		{1B054613-D88D-4D75-BD49-B81FFB3C6A1A}.Release|x64.ActiveCfg = Release|Any CPU
		{1B054613-D88D-4D75-BD49-B81FFB3C6A1A}.Release|x64.Build.0 = Release|Any CPU
		{1B054613-D88D-4D75-BD49-B81FFB3C6A1A}.Release|x86.ActiveCfg = Release|Any CPU
		{1B054613-D88D-4D75-BD49-B81FFB3C6A1A}.Release|x86.Build.0 = Release|Any CPU
		{0994C51D-44C7-498D-8D07-DE66FC6B44AE}.Debug|Any CPU.ActiveCfg = Debug|Any CPU
		{0994C51D-44C7-498D-8D07-DE66FC6B44AE}.Debug|Any CPU.Build.0 = Debug|Any CPU
		{0994C51D-44C7-498D-8D07-DE66FC6B44AE}.Debug|x64.ActiveCfg = Debug|Any CPU
		{0994C51D-44C7-498D-8D07-DE66FC6B44AE}.Debug|x64.Build.0 = Debug|Any CPU
		{0994C51D-44C7-498D-8D07-DE66FC6B44AE}.Debug|x86.ActiveCfg = Debug|Any CPU
		{0994C51D-44C7-498D-8D07-DE66FC6B44AE}.Debug|x86.Build.0 = Debug|Any CPU
		{0994C51D-44C7-498D-8D07-DE66FC6B44AE}.Release|Any CPU.ActiveCfg = Release|Any CPU
		{0994C51D-44C7-498D-8D07-DE66FC6B44AE}.Release|Any CPU.Build.0 = Release|Any CPU
		{0994C51D-44C7-498D-8D07-DE66FC6B44AE}.Release|x64.ActiveCfg = Release|Any CPU
		{0994C51D-44C7-498D-8D07-DE66FC6B44AE}.Release|x64.Build.0 = Release|Any CPU
		{0994C51D-44C7-498D-8D07-DE66FC6B44AE}.Release|x86.ActiveCfg = Release|Any CPU
		{0994C51D-44C7-498D-8D07-DE66FC6B44AE}.Release|x86.Build.0 = Release|Any CPU
		{1EC1F43F-10C6-4008-9BF9-CB4FDB479C8D}.Debug|Any CPU.ActiveCfg = Debug|Any CPU
		{1EC1F43F-10C6-4008-9BF9-CB4FDB479C8D}.Debug|Any CPU.Build.0 = Debug|Any CPU
		{1EC1F43F-10C6-4008-9BF9-CB4FDB479C8D}.Debug|x64.ActiveCfg = Debug|Any CPU
		{1EC1F43F-10C6-4008-9BF9-CB4FDB479C8D}.Debug|x64.Build.0 = Debug|Any CPU
		{1EC1F43F-10C6-4008-9BF9-CB4FDB479C8D}.Debug|x86.ActiveCfg = Debug|Any CPU
		{1EC1F43F-10C6-4008-9BF9-CB4FDB479C8D}.Debug|x86.Build.0 = Debug|Any CPU
		{1EC1F43F-10C6-4008-9BF9-CB4FDB479C8D}.Release|Any CPU.ActiveCfg = Release|Any CPU
		{1EC1F43F-10C6-4008-9BF9-CB4FDB479C8D}.Release|Any CPU.Build.0 = Release|Any CPU
		{1EC1F43F-10C6-4008-9BF9-CB4FDB479C8D}.Release|x64.ActiveCfg = Release|Any CPU
		{1EC1F43F-10C6-4008-9BF9-CB4FDB479C8D}.Release|x64.Build.0 = Release|Any CPU
		{1EC1F43F-10C6-4008-9BF9-CB4FDB479C8D}.Release|x86.ActiveCfg = Release|Any CPU
		{1EC1F43F-10C6-4008-9BF9-CB4FDB479C8D}.Release|x86.Build.0 = Release|Any CPU
		{E12388A3-3827-4649-8546-56D1D09C5E8D}.Debug|Any CPU.ActiveCfg = Debug|Any CPU
		{E12388A3-3827-4649-8546-56D1D09C5E8D}.Debug|Any CPU.Build.0 = Debug|Any CPU
		{E12388A3-3827-4649-8546-56D1D09C5E8D}.Debug|x64.ActiveCfg = Debug|Any CPU
		{E12388A3-3827-4649-8546-56D1D09C5E8D}.Debug|x64.Build.0 = Debug|Any CPU
		{E12388A3-3827-4649-8546-56D1D09C5E8D}.Debug|x86.ActiveCfg = Debug|Any CPU
		{E12388A3-3827-4649-8546-56D1D09C5E8D}.Debug|x86.Build.0 = Debug|Any CPU
		{E12388A3-3827-4649-8546-56D1D09C5E8D}.Release|Any CPU.ActiveCfg = Release|Any CPU
		{E12388A3-3827-4649-8546-56D1D09C5E8D}.Release|Any CPU.Build.0 = Release|Any CPU
		{E12388A3-3827-4649-8546-56D1D09C5E8D}.Release|x64.ActiveCfg = Release|Any CPU
		{E12388A3-3827-4649-8546-56D1D09C5E8D}.Release|x64.Build.0 = Release|Any CPU
		{E12388A3-3827-4649-8546-56D1D09C5E8D}.Release|x86.ActiveCfg = Release|Any CPU
		{E12388A3-3827-4649-8546-56D1D09C5E8D}.Release|x86.Build.0 = Release|Any CPU
		{DF6E9F39-B550-4EE2-99B2-3ADFCD38633B}.Debug|Any CPU.ActiveCfg = Debug|Any CPU
		{DF6E9F39-B550-4EE2-99B2-3ADFCD38633B}.Debug|Any CPU.Build.0 = Debug|Any CPU
		{DF6E9F39-B550-4EE2-99B2-3ADFCD38633B}.Debug|x64.ActiveCfg = Debug|Any CPU
		{DF6E9F39-B550-4EE2-99B2-3ADFCD38633B}.Debug|x64.Build.0 = Debug|Any CPU
		{DF6E9F39-B550-4EE2-99B2-3ADFCD38633B}.Debug|x86.ActiveCfg = Debug|Any CPU
		{DF6E9F39-B550-4EE2-99B2-3ADFCD38633B}.Debug|x86.Build.0 = Debug|Any CPU
		{DF6E9F39-B550-4EE2-99B2-3ADFCD38633B}.Release|Any CPU.ActiveCfg = Release|Any CPU
		{DF6E9F39-B550-4EE2-99B2-3ADFCD38633B}.Release|Any CPU.Build.0 = Release|Any CPU
		{DF6E9F39-B550-4EE2-99B2-3ADFCD38633B}.Release|x64.ActiveCfg = Release|Any CPU
		{DF6E9F39-B550-4EE2-99B2-3ADFCD38633B}.Release|x64.Build.0 = Release|Any CPU
		{DF6E9F39-B550-4EE2-99B2-3ADFCD38633B}.Release|x86.ActiveCfg = Release|Any CPU
		{DF6E9F39-B550-4EE2-99B2-3ADFCD38633B}.Release|x86.Build.0 = Release|Any CPU
		{BD6A89D3-8174-4A56-AF91-8A1B03461F6C}.Debug|Any CPU.ActiveCfg = Debug|Any CPU
		{BD6A89D3-8174-4A56-AF91-8A1B03461F6C}.Debug|Any CPU.Build.0 = Debug|Any CPU
		{BD6A89D3-8174-4A56-AF91-8A1B03461F6C}.Debug|x64.ActiveCfg = Debug|Any CPU
		{BD6A89D3-8174-4A56-AF91-8A1B03461F6C}.Debug|x64.Build.0 = Debug|Any CPU
		{BD6A89D3-8174-4A56-AF91-8A1B03461F6C}.Debug|x86.ActiveCfg = Debug|Any CPU
		{BD6A89D3-8174-4A56-AF91-8A1B03461F6C}.Debug|x86.Build.0 = Debug|Any CPU
		{BD6A89D3-8174-4A56-AF91-8A1B03461F6C}.Release|Any CPU.ActiveCfg = Release|Any CPU
		{BD6A89D3-8174-4A56-AF91-8A1B03461F6C}.Release|Any CPU.Build.0 = Release|Any CPU
		{BD6A89D3-8174-4A56-AF91-8A1B03461F6C}.Release|x64.ActiveCfg = Release|Any CPU
		{BD6A89D3-8174-4A56-AF91-8A1B03461F6C}.Release|x64.Build.0 = Release|Any CPU
		{BD6A89D3-8174-4A56-AF91-8A1B03461F6C}.Release|x86.ActiveCfg = Release|Any CPU
		{BD6A89D3-8174-4A56-AF91-8A1B03461F6C}.Release|x86.Build.0 = Release|Any CPU
		{15704270-5BEF-4CE6-B1F7-55FE276D59B0}.Debug|Any CPU.ActiveCfg = Debug|Any CPU
		{15704270-5BEF-4CE6-B1F7-55FE276D59B0}.Debug|Any CPU.Build.0 = Debug|Any CPU
		{15704270-5BEF-4CE6-B1F7-55FE276D59B0}.Debug|x64.ActiveCfg = Debug|Any CPU
		{15704270-5BEF-4CE6-B1F7-55FE276D59B0}.Debug|x64.Build.0 = Debug|Any CPU
		{15704270-5BEF-4CE6-B1F7-55FE276D59B0}.Debug|x86.ActiveCfg = Debug|Any CPU
		{15704270-5BEF-4CE6-B1F7-55FE276D59B0}.Debug|x86.Build.0 = Debug|Any CPU
		{15704270-5BEF-4CE6-B1F7-55FE276D59B0}.Release|Any CPU.ActiveCfg = Release|Any CPU
		{15704270-5BEF-4CE6-B1F7-55FE276D59B0}.Release|Any CPU.Build.0 = Release|Any CPU
		{15704270-5BEF-4CE6-B1F7-55FE276D59B0}.Release|x64.ActiveCfg = Release|Any CPU
		{15704270-5BEF-4CE6-B1F7-55FE276D59B0}.Release|x64.Build.0 = Release|Any CPU
		{15704270-5BEF-4CE6-B1F7-55FE276D59B0}.Release|x86.ActiveCfg = Release|Any CPU
		{15704270-5BEF-4CE6-B1F7-55FE276D59B0}.Release|x86.Build.0 = Release|Any CPU
		{C17794C6-77CA-4585-9862-0FD4B6357E30}.Debug|Any CPU.ActiveCfg = Debug|Any CPU
		{C17794C6-77CA-4585-9862-0FD4B6357E30}.Debug|Any CPU.Build.0 = Debug|Any CPU
		{C17794C6-77CA-4585-9862-0FD4B6357E30}.Debug|x64.ActiveCfg = Debug|Any CPU
		{C17794C6-77CA-4585-9862-0FD4B6357E30}.Debug|x64.Build.0 = Debug|Any CPU
		{C17794C6-77CA-4585-9862-0FD4B6357E30}.Debug|x86.ActiveCfg = Debug|Any CPU
		{C17794C6-77CA-4585-9862-0FD4B6357E30}.Debug|x86.Build.0 = Debug|Any CPU
		{C17794C6-77CA-4585-9862-0FD4B6357E30}.Release|Any CPU.ActiveCfg = Release|Any CPU
		{C17794C6-77CA-4585-9862-0FD4B6357E30}.Release|Any CPU.Build.0 = Release|Any CPU
		{C17794C6-77CA-4585-9862-0FD4B6357E30}.Release|x64.ActiveCfg = Release|Any CPU
		{C17794C6-77CA-4585-9862-0FD4B6357E30}.Release|x64.Build.0 = Release|Any CPU
		{C17794C6-77CA-4585-9862-0FD4B6357E30}.Release|x86.ActiveCfg = Release|Any CPU
		{C17794C6-77CA-4585-9862-0FD4B6357E30}.Release|x86.Build.0 = Release|Any CPU
		{B47A18F6-B9FB-4DCD-89E9-D70B8EE366F8}.Debug|Any CPU.ActiveCfg = Debug|Any CPU
		{B47A18F6-B9FB-4DCD-89E9-D70B8EE366F8}.Debug|Any CPU.Build.0 = Debug|Any CPU
		{B47A18F6-B9FB-4DCD-89E9-D70B8EE366F8}.Debug|x64.ActiveCfg = Debug|Any CPU
		{B47A18F6-B9FB-4DCD-89E9-D70B8EE366F8}.Debug|x64.Build.0 = Debug|Any CPU
		{B47A18F6-B9FB-4DCD-89E9-D70B8EE366F8}.Debug|x86.ActiveCfg = Debug|Any CPU
		{B47A18F6-B9FB-4DCD-89E9-D70B8EE366F8}.Debug|x86.Build.0 = Debug|Any CPU
		{B47A18F6-B9FB-4DCD-89E9-D70B8EE366F8}.Release|Any CPU.ActiveCfg = Release|Any CPU
		{B47A18F6-B9FB-4DCD-89E9-D70B8EE366F8}.Release|Any CPU.Build.0 = Release|Any CPU
		{B47A18F6-B9FB-4DCD-89E9-D70B8EE366F8}.Release|x64.ActiveCfg = Release|Any CPU
		{B47A18F6-B9FB-4DCD-89E9-D70B8EE366F8}.Release|x64.Build.0 = Release|Any CPU
		{B47A18F6-B9FB-4DCD-89E9-D70B8EE366F8}.Release|x86.ActiveCfg = Release|Any CPU
		{B47A18F6-B9FB-4DCD-89E9-D70B8EE366F8}.Release|x86.Build.0 = Release|Any CPU
		{FA876A91-C2B8-42E1-8917-B272D46C864D}.Debug|Any CPU.ActiveCfg = Debug|Any CPU
		{FA876A91-C2B8-42E1-8917-B272D46C864D}.Debug|Any CPU.Build.0 = Debug|Any CPU
		{FA876A91-C2B8-42E1-8917-B272D46C864D}.Debug|x64.ActiveCfg = Debug|Any CPU
		{FA876A91-C2B8-42E1-8917-B272D46C864D}.Debug|x64.Build.0 = Debug|Any CPU
		{FA876A91-C2B8-42E1-8917-B272D46C864D}.Debug|x86.ActiveCfg = Debug|Any CPU
		{FA876A91-C2B8-42E1-8917-B272D46C864D}.Debug|x86.Build.0 = Debug|Any CPU
		{FA876A91-C2B8-42E1-8917-B272D46C864D}.Release|Any CPU.ActiveCfg = Release|Any CPU
		{FA876A91-C2B8-42E1-8917-B272D46C864D}.Release|Any CPU.Build.0 = Release|Any CPU
		{FA876A91-C2B8-42E1-8917-B272D46C864D}.Release|x64.ActiveCfg = Release|Any CPU
		{FA876A91-C2B8-42E1-8917-B272D46C864D}.Release|x64.Build.0 = Release|Any CPU
		{FA876A91-C2B8-42E1-8917-B272D46C864D}.Release|x86.ActiveCfg = Release|Any CPU
		{FA876A91-C2B8-42E1-8917-B272D46C864D}.Release|x86.Build.0 = Release|Any CPU
		{3A4BAEE0-12B7-4AC4-866C-D97C967AA6ED}.Debug|Any CPU.ActiveCfg = Debug|Any CPU
		{3A4BAEE0-12B7-4AC4-866C-D97C967AA6ED}.Debug|Any CPU.Build.0 = Debug|Any CPU
		{3A4BAEE0-12B7-4AC4-866C-D97C967AA6ED}.Debug|x64.ActiveCfg = Debug|Any CPU
		{3A4BAEE0-12B7-4AC4-866C-D97C967AA6ED}.Debug|x64.Build.0 = Debug|Any CPU
		{3A4BAEE0-12B7-4AC4-866C-D97C967AA6ED}.Debug|x86.ActiveCfg = Debug|Any CPU
		{3A4BAEE0-12B7-4AC4-866C-D97C967AA6ED}.Debug|x86.Build.0 = Debug|Any CPU
		{3A4BAEE0-12B7-4AC4-866C-D97C967AA6ED}.Release|Any CPU.ActiveCfg = Release|Any CPU
		{3A4BAEE0-12B7-4AC4-866C-D97C967AA6ED}.Release|Any CPU.Build.0 = Release|Any CPU
		{3A4BAEE0-12B7-4AC4-866C-D97C967AA6ED}.Release|x64.ActiveCfg = Release|Any CPU
		{3A4BAEE0-12B7-4AC4-866C-D97C967AA6ED}.Release|x64.Build.0 = Release|Any CPU
		{3A4BAEE0-12B7-4AC4-866C-D97C967AA6ED}.Release|x86.ActiveCfg = Release|Any CPU
		{3A4BAEE0-12B7-4AC4-866C-D97C967AA6ED}.Release|x86.Build.0 = Release|Any CPU
		{0FF30055-BAFB-4B40-B038-75E65B59DAE7}.Debug|Any CPU.ActiveCfg = Debug|Any CPU
		{0FF30055-BAFB-4B40-B038-75E65B59DAE7}.Debug|Any CPU.Build.0 = Debug|Any CPU
		{0FF30055-BAFB-4B40-B038-75E65B59DAE7}.Debug|x64.ActiveCfg = Debug|Any CPU
		{0FF30055-BAFB-4B40-B038-75E65B59DAE7}.Debug|x64.Build.0 = Debug|Any CPU
		{0FF30055-BAFB-4B40-B038-75E65B59DAE7}.Debug|x86.ActiveCfg = Debug|Any CPU
		{0FF30055-BAFB-4B40-B038-75E65B59DAE7}.Debug|x86.Build.0 = Debug|Any CPU
		{0FF30055-BAFB-4B40-B038-75E65B59DAE7}.Release|Any CPU.ActiveCfg = Release|Any CPU
		{0FF30055-BAFB-4B40-B038-75E65B59DAE7}.Release|Any CPU.Build.0 = Release|Any CPU
		{0FF30055-BAFB-4B40-B038-75E65B59DAE7}.Release|x64.ActiveCfg = Release|Any CPU
		{0FF30055-BAFB-4B40-B038-75E65B59DAE7}.Release|x64.Build.0 = Release|Any CPU
		{0FF30055-BAFB-4B40-B038-75E65B59DAE7}.Release|x86.ActiveCfg = Release|Any CPU
		{0FF30055-BAFB-4B40-B038-75E65B59DAE7}.Release|x86.Build.0 = Release|Any CPU
		{BF2C461D-F474-490C-82D4-2C2E1AB2B165}.Debug|Any CPU.ActiveCfg = Debug|Any CPU
		{BF2C461D-F474-490C-82D4-2C2E1AB2B165}.Debug|Any CPU.Build.0 = Debug|Any CPU
		{BF2C461D-F474-490C-82D4-2C2E1AB2B165}.Debug|x64.ActiveCfg = Debug|Any CPU
		{BF2C461D-F474-490C-82D4-2C2E1AB2B165}.Debug|x64.Build.0 = Debug|Any CPU
		{BF2C461D-F474-490C-82D4-2C2E1AB2B165}.Debug|x86.ActiveCfg = Debug|Any CPU
		{BF2C461D-F474-490C-82D4-2C2E1AB2B165}.Debug|x86.Build.0 = Debug|Any CPU
		{BF2C461D-F474-490C-82D4-2C2E1AB2B165}.Release|Any CPU.ActiveCfg = Release|Any CPU
		{BF2C461D-F474-490C-82D4-2C2E1AB2B165}.Release|Any CPU.Build.0 = Release|Any CPU
		{BF2C461D-F474-490C-82D4-2C2E1AB2B165}.Release|x64.ActiveCfg = Release|Any CPU
		{BF2C461D-F474-490C-82D4-2C2E1AB2B165}.Release|x64.Build.0 = Release|Any CPU
		{BF2C461D-F474-490C-82D4-2C2E1AB2B165}.Release|x86.ActiveCfg = Release|Any CPU
		{BF2C461D-F474-490C-82D4-2C2E1AB2B165}.Release|x86.Build.0 = Release|Any CPU
	EndGlobalSection
	GlobalSection(SolutionProperties) = preSolution
		HideSolutionNode = FALSE
	EndGlobalSection
	GlobalSection(ExtensibilityGlobals) = postSolution
		SolutionGuid = {A064C329-DE02-453C-B748-49D20D060FA4}
	EndGlobalSection
EndGlobal
